
Microsoft Visual Studio Solution File, Format Version 12.00
# Visual Studio Version 16
VisualStudioVersion = 16.0.30011.22
MinimumVisualStudioVersion = 10.0.40219.1
Project("{FAE04EC0-301F-11D3-BF4B-00C04F79EFBC}") = "SixTransporter", "SixTransporter\SixTransporter.csproj", "{931B3C37-6EC0-4439-A5B7-1EE170DE0C42}"
EndProject
Global
	GlobalSection(SolutionConfigurationPlatforms) = preSolution
		Debug|Any CPU = Debug|Any CPU
		Release|Any CPU = Release|Any CPU
	EndGlobalSection
	GlobalSection(ProjectConfigurationPlatforms) = postSolution
		{931B3C37-6EC0-4439-A5B7-1EE170DE0C42}.Debug|Any CPU.ActiveCfg = Debug|Any CPU
		{931B3C37-6EC0-4439-A5B7-1EE170DE0C42}.Debug|Any CPU.Build.0 = Debug|Any CPU
		{931B3C37-6EC0-4439-A5B7-1EE170DE0C42}.Release|Any CPU.ActiveCfg = Release|Any CPU
		{931B3C37-6EC0-4439-A5B7-1EE170DE0C42}.Release|Any CPU.Build.0 = Release|Any CPU
	EndGlobalSection
	GlobalSection(SolutionProperties) = preSolution
		HideSolutionNode = FALSE
	EndGlobalSection
	GlobalSection(ExtensibilityGlobals) = postSolution
		SolutionGuid = {A0AE085C-E801-48D7-98EC-01810AAB0C7E}
	EndGlobalSection
EndGlobal
